
Microsoft Visual Studio Solution File, Format Version 12.00
# Visual Studio Version 16
VisualStudioVersion = 16.0.29728.190
MinimumVisualStudioVersion = 10.0.40219.1
Project("{9A19103F-16F7-4668-BE54-9A1E7A4F7556}") = "Core", "src\Core\Core.csproj", "{3F076B9D-4FA4-4803-829E-B0E5F68F7C02}"
EndProject
Project("{9A19103F-16F7-4668-BE54-9A1E7A4F7556}") = "Web", "src\Web\Web.csproj", "{F0391863-40D7-4A45-B5E2-EEB07740EBDA}"
EndProject
Project("{9A19103F-16F7-4668-BE54-9A1E7A4F7556}") = "Infrastructure", "src\Infrastructure\Infrastructure.csproj", "{B17096E0-5902-414E-85C9-5C6BEC571222}"
EndProject
Project("{FAE04EC0-301F-11D3-BF4B-00C04F79EFBC}") = "Desktop", "Desktop\Desktop.csproj", "{B84B8AA2-1BB0-4053-8E46-1A456A27386C}"
EndProject
Global
	GlobalSection(SolutionConfigurationPlatforms) = preSolution
		Debug|Any CPU = Debug|Any CPU
		Release|Any CPU = Release|Any CPU
	EndGlobalSection
	GlobalSection(ProjectConfigurationPlatforms) = postSolution
		{3F076B9D-4FA4-4803-829E-B0E5F68F7C02}.Debug|Any CPU.ActiveCfg = Debug|Any CPU
		{3F076B9D-4FA4-4803-829E-B0E5F68F7C02}.Debug|Any CPU.Build.0 = Debug|Any CPU
		{3F076B9D-4FA4-4803-829E-B0E5F68F7C02}.Release|Any CPU.ActiveCfg = Release|Any CPU
		{3F076B9D-4FA4-4803-829E-B0E5F68F7C02}.Release|Any CPU.Build.0 = Release|Any CPU
		{F0391863-40D7-4A45-B5E2-EEB07740EBDA}.Debug|Any CPU.ActiveCfg = Debug|Any CPU
		{F0391863-40D7-4A45-B5E2-EEB07740EBDA}.Debug|Any CPU.Build.0 = Debug|Any CPU
		{F0391863-40D7-4A45-B5E2-EEB07740EBDA}.Release|Any CPU.ActiveCfg = Release|Any CPU
		{F0391863-40D7-4A45-B5E2-EEB07740EBDA}.Release|Any CPU.Build.0 = Release|Any CPU
		{B17096E0-5902-414E-85C9-5C6BEC571222}.Debug|Any CPU.ActiveCfg = Debug|Any CPU
		{B17096E0-5902-414E-85C9-5C6BEC571222}.Debug|Any CPU.Build.0 = Debug|Any CPU
		{B17096E0-5902-414E-85C9-5C6BEC571222}.Release|Any CPU.ActiveCfg = Release|Any CPU
		{B17096E0-5902-414E-85C9-5C6BEC571222}.Release|Any CPU.Build.0 = Release|Any CPU
		{B84B8AA2-1BB0-4053-8E46-1A456A27386C}.Debug|Any CPU.ActiveCfg = Debug|Any CPU
		{B84B8AA2-1BB0-4053-8E46-1A456A27386C}.Debug|Any CPU.Build.0 = Debug|Any CPU
		{B84B8AA2-1BB0-4053-8E46-1A456A27386C}.Release|Any CPU.ActiveCfg = Release|Any CPU
		{B84B8AA2-1BB0-4053-8E46-1A456A27386C}.Release|Any CPU.Build.0 = Release|Any CPU
	EndGlobalSection
	GlobalSection(SolutionProperties) = preSolution
		HideSolutionNode = FALSE
	EndGlobalSection
	GlobalSection(ExtensibilityGlobals) = postSolution
		SolutionGuid = {BCE333BE-648E-4120-89D5-75A38F68CFD5}
	EndGlobalSection
EndGlobal
